
Microsoft Visual Studio Solution File, Format Version 12.00
# Visual Studio Version 16
VisualStudioVersion = 16.0.28803.352
MinimumVisualStudioVersion = 10.0.40219.1
Project("{FAE04EC0-301F-11D3-BF4B-00C04F79EFBC}") = "ChallengesTake2", "ChallengesTake2\ChallengesTake2.csproj", "{BC58C8A2-670B-4D27-924D-BF8C1EED11E5}"
EndProject
Global
	GlobalSection(SolutionConfigurationPlatforms) = preSolution
		Debug|Any CPU = Debug|Any CPU
		Release|Any CPU = Release|Any CPU
	EndGlobalSection
	GlobalSection(ProjectConfigurationPlatforms) = postSolution
		{BC58C8A2-670B-4D27-924D-BF8C1EED11E5}.Debug|Any CPU.ActiveCfg = Debug|Any CPU
		{BC58C8A2-670B-4D27-924D-BF8C1EED11E5}.Debug|Any CPU.Build.0 = Debug|Any CPU
		{BC58C8A2-670B-4D27-924D-BF8C1EED11E5}.Release|Any CPU.ActiveCfg = Release|Any CPU
		{BC58C8A2-670B-4D27-924D-BF8C1EED11E5}.Release|Any CPU.Build.0 = Release|Any CPU
	EndGlobalSection
	GlobalSection(SolutionProperties) = preSolution
		HideSolutionNode = FALSE
	EndGlobalSection
	GlobalSection(ExtensibilityGlobals) = postSolution
		SolutionGuid = {DF563BA4-C031-4EBA-A832-22170863AE3A}
	EndGlobalSection
EndGlobal
